<Solution>
  <Configurations>
    <Platform Name="x64" />
    <Platform Name="x86" />
  </Configurations>
  <Project Path="file_input_output/file_input_output.vcxproj" Id="1b243f37-9227-43ee-a1f7-09ec439bbd95" />
  <Project Path="study12-2/study12-2.vcxproj" Id="560a0fc9-c0fc-4f8f-88c6-dd82b91b8fce" />
  <Project Path="study12-3-2/study12-3-2.vcxproj" Id="de8b6067-10a5-4160-a75f-a9c9d7ed5ce2" />
  <Project Path="study12-4/study12-4.vcxproj" Id="ba568018-3fda-43c8-9ebb-c7a503edf958" />
  <Project Path="study12-5/study12-5.vcxproj" Id="e884ebf8-1497-465b-a52c-ba8877d0833c" />
</Solution>
