<Solution>
  <Configurations>
    <Platform Name="x64" />
    <Platform Name="x86" />
  </Configurations>
  <Project Path="ex10-5/ex10-5.vcxproj" Id="babc878b-9616-42e8-af9e-3e4fe71608d3" />
  <Project Path="ex10-9/ex10-9.vcxproj" Id="e9c3f79f-0676-4c3d-a813-0424f391b032" />
  <Project Path="map영한사전 만들기/map영한사전 만들기.vcxproj" Id="dd32f73c-202e-46a8-add2-159c156d7046" />
  <Project Path="STL/STL.vcxproj" Id="4534a2bc-708c-4fd9-8543-516ffcaeda27" />
  <Project Path="studt10-4-1_vector/studt10-4-1_vector.vcxproj" Id="155fb964-38ab-4142-a520-e3ed0ba001d0" />
  <Project Path="study10-2-1/study10-2-1.vcxproj" Id="1ff31353-eef9-4dea-8294-35b4e1076985" />
  <Project Path="study10-2/study10-2.vcxproj" Id="b869fcdd-a1a2-46e6-8fb6-aad50cf5f5b7" />
  <Project Path="study10-3/study10-3.vcxproj" Id="7aa7d7e5-929d-46c6-a162-c571b19e1670" />
  <Project Path="study10-4-2/study10-4-2.vcxproj" Id="3b4e03ec-f0c2-4b09-a90f-d527fd9294d5" />
  <Project Path="study10-4/study10-4.vcxproj" Id="ef2ab2a1-0184-4d8f-9d67-0396fd13d478" />
  <Project Path="study_class1/study_class1.vcxproj" Id="0b80a7c3-876c-40c4-9fe2-2d9653914906" />
  <Project Path="study_class2/study_class2.vcxproj" Id="31411c58-88cd-4f87-9077-db9ecdd8169d" />
  <Project Path="study_class3/study_class3.vcxproj" Id="f6167b30-39fb-40e6-a422-306cf3feaddd" />
  <Project Path="study_class4/study_class4.vcxproj" Id="a4267895-bd5e-48f9-9bd8-d090a860355b" />
  <Project Path="실습문제10번/실습문제10번.vcxproj" Id="f5d27679-4c7a-44d9-bdab-26f39f4fc0e7" />
  <Project Path="실습문제12번/실습문제12번.vcxproj" Id="b0078c6a-828a-4805-9ff8-b3a033ca9113" />
  <Project Path="실습문제1번/실습문제1번.vcxproj" Id="845ebf9e-be9d-4a87-b403-d9fbd73b4fb4" />
  <Project Path="실습문제2번/실습문제2번.vcxproj" Id="00bc2303-da2e-4412-bd4f-0ac2297ce613" />
  <Project Path="실습문제3번/실습문제3번.vcxproj" Id="4d31cbb6-c3ad-4f68-9913-c91c30fb7547" />
  <Project Path="실습문제4번/실습문제4번.vcxproj" Id="a964b218-1315-4314-95a7-04bb00dcf63d" />
  <Project Path="실습문제5번/실습문제5번.vcxproj" Id="b5c2190f-ec1e-4a6f-8f93-caea6ee4dd7e" />
  <Project Path="실습문제6번/실습문제6번.vcxproj" Id="838e177c-ff3e-4a00-8b36-5c93abd76341" />
  <Project Path="실습문제7번/실습문제7번.vcxproj" Id="0f0c00de-32ae-450f-b408-3fff9f404fd5" />
  <Project Path="실습문제8번/실습문제8번.vcxproj" Id="67813eb3-9f49-4bf0-9278-90a354b51df9" />
  <Project Path="실습문제9번/실습문제9번.vcxproj" Id="497aa738-f10f-4151-8d34-2e4cacc3f6fc" />
</Solution>
