<Solution>
  <Configurations>
    <Platform Name="x64" />
    <Platform Name="x86" />
  </Configurations>
  <Project Path="7-3장/7-3장.vcxproj" Id="275f11be-b46a-441f-844b-f2da47231ad1" />
  <Project Path="week9/week9.vcxproj" Id="3ded07ee-2ca8-4b2b-8702-a8dbbc0533b6" />
  <Project Path="실습문제1번/실습문제1번.vcxproj" Id="7f5c36a8-6f6f-4aba-8405-30dbe2ddfd64" />
  <Project Path="실습문제2번/실습문제2번.vcxproj" Id="1b2e6893-a890-4129-87b0-660988bb9655" />
  <Project Path="실습문제3번/실습문제3번.vcxproj" Id="ade23d3f-da29-4020-9533-aa2becbbeca8" />
  <Project Path="실습문제5/실습문제5.vcxproj" Id="1c491f3b-0a4a-49b3-85ce-3bca77357080" />
  <Project Path="실습문제6번/실습문제6번.vcxproj" Id="b5cfed32-605f-4153-916b-d1dfd44645a9" />
  <Project Path="실습문제7번/실습문제7번.vcxproj" Id="4262da71-b7d0-4bce-9208-fb475f5494ed" />
  <Project Path="실습문제8번/실습문제8번.vcxproj" Id="ec4de7f0-e138-4903-b448-e077f3178916" />
  <Project Path="실습문제9번(마지막)/실습문제9번(마지막).vcxproj" Id="ef5dcd50-49f2-4bd9-82fa-b4931008b369" />
  <Project Path="연산자중복/연산자중복.vcxproj" Id="c438618d-5005-47f4-9ee6-a6e16ec290c7" />
</Solution>
